
Microsoft Visual Studio Solution File, Format Version 12.00
# Visual Studio Version 17
VisualStudioVersion = 17.11.35312.102
MinimumVisualStudioVersion = 10.0.40219.1
Project("{FAE04EC0-301F-11D3-BF4B-00C04F79EFBC}") = "SistemaAsistenciaMagallanes", "SistemaAsistenciaMagallanes\SistemaAsistenciaMagallanes.csproj", "{4E6D6C40-8E11-44DB-92AB-2D5772B3DE1F}"
EndProject
Global
	GlobalSection(SolutionConfigurationPlatforms) = preSolution
		Debug|Any CPU = Debug|Any CPU
		Release|Any CPU = Release|Any CPU
	EndGlobalSection
	GlobalSection(ProjectConfigurationPlatforms) = postSolution
		{4E6D6C40-8E11-44DB-92AB-2D5772B3DE1F}.Debug|Any CPU.ActiveCfg = Debug|Any CPU
		{4E6D6C40-8E11-44DB-92AB-2D5772B3DE1F}.Debug|Any CPU.Build.0 = Debug|Any CPU
		{4E6D6C40-8E11-44DB-92AB-2D5772B3DE1F}.Release|Any CPU.ActiveCfg = Release|Any CPU
		{4E6D6C40-8E11-44DB-92AB-2D5772B3DE1F}.Release|Any CPU.Build.0 = Release|Any CPU
	EndGlobalSection
	GlobalSection(SolutionProperties) = preSolution
		HideSolutionNode = FALSE
	EndGlobalSection
	GlobalSection(ExtensibilityGlobals) = postSolution
		SolutionGuid = {AA4FF43C-361B-46AC-A673-1D05061775E2}
	EndGlobalSection
EndGlobal
